
Microsoft Visual Studio Solution File, Format Version 12.00
# Visual Studio Version 16
VisualStudioVersion = 16.0.30104.148
MinimumVisualStudioVersion = 10.0.40219.1
Project("{FAE04EC0-301F-11D3-BF4B-00C04F79EFBC}") = "WinSand_2020a", "WinSand_2020a\WinSand_2020a.csproj", "{78266DA1-83D4-46A2-B14F-978DF8099019}"
EndProject
Project("{FAE04EC0-301F-11D3-BF4B-00C04F79EFBC}") = "ClassLibStd", "ClassLibStd\ClassLibStd.csproj", "{1861E3CA-7594-4895-B70C-79A97BE1F901}"
EndProject
Project("{FAE04EC0-301F-11D3-BF4B-00C04F79EFBC}") = "ClassLibFramework", "ClassLibFramework\ClassLibFramework.csproj", "{87912C6F-06EE-4299-9E53-37C8F4A43764}"
EndProject
Global
	GlobalSection(SolutionConfigurationPlatforms) = preSolution
		Debug|Any CPU = Debug|Any CPU
		Release|Any CPU = Release|Any CPU
	EndGlobalSection
	GlobalSection(ProjectConfigurationPlatforms) = postSolution
		{78266DA1-83D4-46A2-B14F-978DF8099019}.Debug|Any CPU.ActiveCfg = Debug|Any CPU
		{78266DA1-83D4-46A2-B14F-978DF8099019}.Debug|Any CPU.Build.0 = Debug|Any CPU
		{78266DA1-83D4-46A2-B14F-978DF8099019}.Release|Any CPU.ActiveCfg = Release|Any CPU
		{78266DA1-83D4-46A2-B14F-978DF8099019}.Release|Any CPU.Build.0 = Release|Any CPU
		{1861E3CA-7594-4895-B70C-79A97BE1F901}.Debug|Any CPU.ActiveCfg = Debug|Any CPU
		{1861E3CA-7594-4895-B70C-79A97BE1F901}.Debug|Any CPU.Build.0 = Debug|Any CPU
		{1861E3CA-7594-4895-B70C-79A97BE1F901}.Release|Any CPU.ActiveCfg = Release|Any CPU
		{1861E3CA-7594-4895-B70C-79A97BE1F901}.Release|Any CPU.Build.0 = Release|Any CPU
		{87912C6F-06EE-4299-9E53-37C8F4A43764}.Debug|Any CPU.ActiveCfg = Debug|Any CPU
		{87912C6F-06EE-4299-9E53-37C8F4A43764}.Debug|Any CPU.Build.0 = Debug|Any CPU
		{87912C6F-06EE-4299-9E53-37C8F4A43764}.Release|Any CPU.ActiveCfg = Release|Any CPU
		{87912C6F-06EE-4299-9E53-37C8F4A43764}.Release|Any CPU.Build.0 = Release|Any CPU
	EndGlobalSection
	GlobalSection(SolutionProperties) = preSolution
		HideSolutionNode = FALSE
	EndGlobalSection
	GlobalSection(ExtensibilityGlobals) = postSolution
		SolutionGuid = {6EE5FF25-CB4E-40C9-842F-9F4D6122BB5F}
	EndGlobalSection
EndGlobal
